
Microsoft Visual Studio Solution File, Format Version 12.00
# Visual Studio Version 16
VisualStudioVersion = 16.0.30907.101
MinimumVisualStudioVersion = 10.0.40219.1
Project("{FAE04EC0-301F-11D3-BF4B-00C04F79EFBC}") = "Lap_4_Conditional_Statement", "Lap_4_Conditional_Statement.csproj", "{36081236-8B32-42BA-A730-E77ED1B07010}"
EndProject
Global
	GlobalSection(SolutionConfigurationPlatforms) = preSolution
		Debug|Any CPU = Debug|Any CPU
		Release|Any CPU = Release|Any CPU
	EndGlobalSection
	GlobalSection(ProjectConfigurationPlatforms) = postSolution
		{36081236-8B32-42BA-A730-E77ED1B07010}.Debug|Any CPU.ActiveCfg = Debug|Any CPU
		{36081236-8B32-42BA-A730-E77ED1B07010}.Debug|Any CPU.Build.0 = Debug|Any CPU
		{36081236-8B32-42BA-A730-E77ED1B07010}.Release|Any CPU.ActiveCfg = Release|Any CPU
		{36081236-8B32-42BA-A730-E77ED1B07010}.Release|Any CPU.Build.0 = Release|Any CPU
	EndGlobalSection
	GlobalSection(SolutionProperties) = preSolution
		HideSolutionNode = FALSE
	EndGlobalSection
	GlobalSection(ExtensibilityGlobals) = postSolution
		SolutionGuid = {293A22E7-D6B3-4B5C-9F3F-9DF934D2CE97}
	EndGlobalSection
EndGlobal
